
Microsoft Visual Studio Solution File, Format Version 12.00
# Visual Studio Version 17
VisualStudioVersion = 17.10.35027.167
MinimumVisualStudioVersion = 10.0.40219.1
Project("{F184B08F-C81C-45F6-A57F-5ABD9991F28F}") = "MenuWithArray", "MenuWithArray\MenuWithArray.vbproj", "{F8A6CB86-C62F-4CE3-9644-581E22CF4FAD}"
EndProject
Global
	GlobalSection(SolutionConfigurationPlatforms) = preSolution
		Debug|Any CPU = Debug|Any CPU
		Release|Any CPU = Release|Any CPU
	EndGlobalSection
	GlobalSection(ProjectConfigurationPlatforms) = postSolution
		{F8A6CB86-C62F-4CE3-9644-581E22CF4FAD}.Debug|Any CPU.ActiveCfg = Debug|Any CPU
		{F8A6CB86-C62F-4CE3-9644-581E22CF4FAD}.Debug|Any CPU.Build.0 = Debug|Any CPU
		{F8A6CB86-C62F-4CE3-9644-581E22CF4FAD}.Release|Any CPU.ActiveCfg = Release|Any CPU
		{F8A6CB86-C62F-4CE3-9644-581E22CF4FAD}.Release|Any CPU.Build.0 = Release|Any CPU
	EndGlobalSection
	GlobalSection(SolutionProperties) = preSolution
		HideSolutionNode = FALSE
	EndGlobalSection
	GlobalSection(ExtensibilityGlobals) = postSolution
		SolutionGuid = {338616CD-4703-4B74-A36D-4270EE853FC4}
	EndGlobalSection
EndGlobal
